
Microsoft Visual Studio Solution File, Format Version 12.00
# Visual Studio Version 16
VisualStudioVersion = 16.0.28803.352
MinimumVisualStudioVersion = 10.0.40219.1
Project("{FAE04EC0-301F-11D3-BF4B-00C04F79EFBC}") = "InstagramBot.Service", "InstagramBot.Service\InstagramBot.Service.csproj", "{0E787CE0-BFAB-4DBD-8176-40DD39498477}"
EndProject
Project("{FAE04EC0-301F-11D3-BF4B-00C04F79EFBC}") = "InstagramBot.DB", "InstagramBot.DB\InstagramBot.DB.csproj", "{255A5B0B-A243-405D-83DE-D1E2C6513ADE}"
EndProject
Project("{FAE04EC0-301F-11D3-BF4B-00C04F79EFBC}") = "InstagramBot.WebAPI", "InstagramBot.WebAPI\InstagramBot.WebAPI.csproj", "{C0743E90-3280-4B94-B489-C156F1B3284F}"
EndProject
Global
	GlobalSection(SolutionConfigurationPlatforms) = preSolution
		Debug|Any CPU = Debug|Any CPU
		Release|Any CPU = Release|Any CPU
	EndGlobalSection
	GlobalSection(ProjectConfigurationPlatforms) = postSolution
		{0E787CE0-BFAB-4DBD-8176-40DD39498477}.Debug|Any CPU.ActiveCfg = Debug|Any CPU
		{0E787CE0-BFAB-4DBD-8176-40DD39498477}.Debug|Any CPU.Build.0 = Debug|Any CPU
		{0E787CE0-BFAB-4DBD-8176-40DD39498477}.Release|Any CPU.ActiveCfg = Release|Any CPU
		{0E787CE0-BFAB-4DBD-8176-40DD39498477}.Release|Any CPU.Build.0 = Release|Any CPU
		{255A5B0B-A243-405D-83DE-D1E2C6513ADE}.Debug|Any CPU.ActiveCfg = Debug|Any CPU
		{255A5B0B-A243-405D-83DE-D1E2C6513ADE}.Debug|Any CPU.Build.0 = Debug|Any CPU
		{255A5B0B-A243-405D-83DE-D1E2C6513ADE}.Release|Any CPU.ActiveCfg = Release|Any CPU
		{255A5B0B-A243-405D-83DE-D1E2C6513ADE}.Release|Any CPU.Build.0 = Release|Any CPU
		{C0743E90-3280-4B94-B489-C156F1B3284F}.Debug|Any CPU.ActiveCfg = Debug|Any CPU
		{C0743E90-3280-4B94-B489-C156F1B3284F}.Debug|Any CPU.Build.0 = Debug|Any CPU
		{C0743E90-3280-4B94-B489-C156F1B3284F}.Release|Any CPU.ActiveCfg = Release|Any CPU
		{C0743E90-3280-4B94-B489-C156F1B3284F}.Release|Any CPU.Build.0 = Release|Any CPU
	EndGlobalSection
	GlobalSection(SolutionProperties) = preSolution
		HideSolutionNode = FALSE
	EndGlobalSection
	GlobalSection(ExtensibilityGlobals) = postSolution
		SolutionGuid = {4BD9BDE4-1C77-4EE2-803E-6CFBDC7EBD54}
	EndGlobalSection
EndGlobal
